
Microsoft Visual Studio Solution File, Format Version 12.00
# Visual Studio Version 17
VisualStudioVersion = 17.14.37328.6 d17.14
MinimumVisualStudioVersion = 10.0.40219.1
Project("{FAE04EC0-301F-11D3-BF4B-00C04F79EFBC}") = "fastfoodadisyon-mvc", "fastfoodadisyon-mvc\fastfoodadisyon-mvc.csproj", "{C537B6EA-FB6E-4253-B818-18C9B6B4F94C}"
EndProject
Global
	GlobalSection(SolutionConfigurationPlatforms) = preSolution
		Debug|Any CPU = Debug|Any CPU
		Release|Any CPU = Release|Any CPU
	EndGlobalSection
	GlobalSection(ProjectConfigurationPlatforms) = postSolution
		{C537B6EA-FB6E-4253-B818-18C9B6B4F94C}.Debug|Any CPU.ActiveCfg = Debug|Any CPU
		{C537B6EA-FB6E-4253-B818-18C9B6B4F94C}.Debug|Any CPU.Build.0 = Debug|Any CPU
		{C537B6EA-FB6E-4253-B818-18C9B6B4F94C}.Release|Any CPU.ActiveCfg = Release|Any CPU
		{C537B6EA-FB6E-4253-B818-18C9B6B4F94C}.Release|Any CPU.Build.0 = Release|Any CPU
	EndGlobalSection
	GlobalSection(SolutionProperties) = preSolution
		HideSolutionNode = FALSE
	EndGlobalSection
	GlobalSection(ExtensibilityGlobals) = postSolution
		SolutionGuid = {4BD1A709-3C18-4DDF-B270-CDBC1F69D1D5}
	EndGlobalSection
EndGlobal
